// !$*UTF8*$!
{
	archiveVersion = 1;
	classes = {
	};
	objectVersion = 50;
	objects = {

/* Begin PBXBuildFile section */
		5A314A60268BAA9800B75CB8 /* AppDelegate.swift in Sources */ = {isa = PBXBuildFile; fileRef = 5A314A5F268BAA9800B75CB8 /* AppDelegate.swift */; };
		5A314A62268BAA9800B75CB8 /* SceneDelegate.swift in Sources */ = {isa = PBXBuildFile; fileRef = 5A314A61268BAA9800B75CB8 /* SceneDelegate.swift */; };
		5A314A64268BAA9800B75CB8 /* ViewController.swift in Sources */ = {isa = PBXBuildFile; fileRef = 5A314A63268BAA9800B75CB8 /* ViewController.swift */; };
		5A314A67268BAA9800B75CB8 /* Main.storyboard in Resources */ = {isa = PBXBuildFile; fileRef = 5A314A65268BAA9800B75CB8 /* Main.storyboard */; };
		5A314A6A268BAA9800B75CB8 /* GitHubTest1.xcdatamodeld in Sources */ = {isa = PBXBuildFile; fileRef = 5A314A68268BAA9800B75CB8 /* GitHubTest1.xcdatamodeld */; };
		5A314A6C268BAA9A00B75CB8 /* Assets.xcassets in Resources */ = {isa = PBXBuildFile; fileRef = 5A314A6B268BAA9A00B75CB8 /* Assets.xcassets */; };
		5A314A6F268BAA9A00B75CB8 /* LaunchScreen.storyboard in Resources */ = {isa = PBXBuildFile; fileRef = 5A314A6D268BAA9A00B75CB8 /* LaunchScreen.storyboard */; };
		5A314A7A268BAA9B00B75CB8 /* GitHubTest1Tests.swift in Sources */ = {isa = PBXBuildFile; fileRef = 5A314A79268BAA9B00B75CB8 /* GitHubTest1Tests.swift */; };
		5A314A85268BAA9B00B75CB8 /* GitHubTest1UITests.swift in Sources */ = {isa = PBXBuildFile; fileRef = 5A314A84268BAA9B00B75CB8 /* GitHubTest1UITests.swift */; };
/* End PBXBuildFile section */

/* Begin PBXContainerItemProxy section */
		5A314A76268BAA9B00B75CB8 /* PBXContainerItemProxy */ = {
			isa = PBXContainerItemProxy;
			containerPortal = 5A314A54268BAA9800B75CB8 /* Project object */;
			proxyType = 1;
			remoteGlobalIDString = 5A314A5B268BAA9800B75CB8;
			remoteInfo = GitHubTest1;
		};
		5A314A81268BAA9B00B75CB8 /* PBXContainerItemProxy */ = {
			isa = PBXContainerItemProxy;
			containerPortal = 5A314A54268BAA9800B75CB8 /* Project object */;
			proxyType = 1;
			remoteGlobalIDString = 5A314A5B268BAA9800B75CB8;
			remoteInfo = GitHubTest1;
		};
/* End PBXContainerItemProxy section */

/* Begin PBXFileReference section */
		5A314A5C268BAA9800B75CB8 /* GitHubTest1.app */ = {isa = PBXFileReference; explicitFileType = wrapper.application; includeInIndex = 0; path = GitHubTest1.app; sourceTree = BUILT_PRODUCTS_DIR; };
		5A314A5F268BAA9800B75CB8 /* AppDelegate.swift */ = {isa = PBXFileReference; lastKnownFileType = sourcecode.swift; path = AppDelegate.swift; sourceTree = "<group>"; };
		5A314A61268BAA9800B75CB8 /* SceneDelegate.swift */ = {isa = PBXFileReference; lastKnownFileType = sourcecode.swift; path = SceneDelegate.swift; sourceTree = "<group>"; };
		5A314A63268BAA9800B75CB8 /* ViewController.swift */ = {isa = PBXFileReference; lastKnownFileType = sourcecode.swift; path = ViewController.swift; sourceTree = "<group>"; };
		5A314A66268BAA9800B75CB8 /* Base */ = {isa = PBXFileReference; lastKnownFileType = file.storyboard; name = Base; path = Base.lproj/Main.storyboard; sourceTree = "<group>"; };
		5A314A69268BAA9800B75CB8 /* GitHubTest1.xcdatamodel */ = {isa = PBXFileReference; lastKnownFileType = wrapper.xcdatamodel; path = GitHubTest1.xcdatamodel; sourceTree = "<group>"; };
		5A314A6B268BAA9A00B75CB8 /* Assets.xcassets */ = {isa = PBXFileReference; lastKnownFileType = folder.assetcatalog; path = Assets.xcassets; sourceTree = "<group>"; };
		5A314A6E268BAA9A00B75CB8 /* Base */ = {isa = PBXFileReference; lastKnownFileType = file.storyboard; name = Base; path = Base.lproj/LaunchScreen.storyboard; sourceTree = "<group>"; };
		5A314A70268BAA9A00B75CB8 /* Info.plist */ = {isa = PBXFileReference; lastKnownFileType = text.plist.xml; path = Info.plist; sourceTree = "<group>"; };
		5A314A75268BAA9B00B75CB8 /* GitHubTest1Tests.xctest */ = {isa = PBXFileReference; explicitFileType = wrapper.cfbundle; includeInIndex = 0; path = GitHubTest1Tests.xctest; sourceTree = BUILT_PRODUCTS_DIR; };
		5A314A79268BAA9B00B75CB8 /* GitHubTest1Tests.swift */ = {isa = PBXFileReference; lastKnownFileType = sourcecode.swift; path = GitHubTest1Tests.swift; sourceTree = "<group>"; };
		5A314A7B268BAA9B00B75CB8 /* Info.plist */ = {isa = PBXFileReference; lastKnownFileType = text.plist.xml; path = Info.plist; sourceTree = "<group>"; };
		5A314A80268BAA9B00B75CB8 /* GitHubTest1UITests.xctest */ = {isa = PBXFileReference; explicitFileType = wrapper.cfbundle; includeInIndex = 0; path = GitHubTest1UITests.xctest; sourceTree = BUILT_PRODUCTS_DIR; };
		5A314A84268BAA9B00B75CB8 /* GitHubTest1UITests.swift */ = {isa = PBXFileReference; lastKnownFileType = sourcecode.swift; path = GitHubTest1UITests.swift; sourceTree = "<group>"; };
		5A314A86268BAA9B00B75CB8 /* Info.plist */ = {isa = PBXFileReference; lastKnownFileType = text.plist.xml; path = Info.plist; sourceTree = "<group>"; };
/* End PBXFileReference section */

/* Begin PBXFrameworksBuildPhase section */
		5A314A59268BAA9800B75CB8 /* Frameworks */ = {
			isa = PBXFrameworksBuildPhase;
			buildActionMask = 2147483647;
			files = (
			);
			runOnlyForDeploymentPostprocessing = 0;
		};
		5A314A72268BAA9B00B75CB8 /* Frameworks */ = {
			isa = PBXFrameworksBuildPhase;
			buildActionMask = 2147483647;
			files = (
			);
			runOnlyForDeploymentPostprocessing = 0;
		};
		5A314A7D268BAA9B00B75CB8 /* Frameworks */ = {
			isa = PBXFrameworksBuildPhase;
			buildActionMask = 2147483647;
			files = (
			);
			runOnlyForDeploymentPostprocessing = 0;
		};
/* End PBXFrameworksBuildPhase section */

/* Begin PBXGroup section */
		5A314A53268BAA9800B75CB8 = {
			isa = PBXGroup;
			children = (
				5A314A5E268BAA9800B75CB8 /* GitHubTest1 */,
				5A314A78268BAA9B00B75CB8 /* GitHubTest1Tests */,
				5A314A83268BAA9B00B75CB8 /* GitHubTest1UITests */,
				5A314A5D268BAA9800B75CB8 /* Products */,
			);
			sourceTree = "<group>";
		};
		5A314A5D268BAA9800B75CB8 /* Products */ = {
			isa = PBXGroup;
			children = (
				5A314A5C268BAA9800B75CB8 /* GitHubTest1.app */,
				5A314A75268BAA9B00B75CB8 /* GitHubTest1Tests.xctest */,
				5A314A80268BAA9B00B75CB8 /* GitHubTest1UITests.xctest */,
			);
			name = Products;
			sourceTree = "<group>";
		};
		5A314A5E268BAA9800B75CB8 /* GitHubTest1 */ = {
			isa = PBXGroup;
			children = (
				5A314A5F268BAA9800B75CB8 /* AppDelegate.swift */,
				5A314A61268BAA9800B75CB8 /* SceneDelegate.swift */,
				5A314A63268BAA9800B75CB8 /* ViewController.swift */,
				5A314A65268BAA9800B75CB8 /* Main.storyboard */,
				5A314A6B268BAA9A00B75CB8 /* Assets.xcassets */,
				5A314A6D268BAA9A00B75CB8 /* LaunchScreen.storyboard */,
				5A314A70268BAA9A00B75CB8 /* Info.plist */,
				5A314A68268BAA9800B75CB8 /* GitHubTest1.xcdatamodeld */,
			);
			path = GitHubTest1;
			sourceTree = "<group>";
		};
		5A314A78268BAA9B00B75CB8 /* GitHubTest1Tests */ = {
			isa = PBXGroup;
			children = (
				5A314A79268BAA9B00B75CB8 /* GitHubTest1Tests.swift */,
				5A314A7B268BAA9B00B75CB8 /* Info.plist */,
			);
			path = GitHubTest1Tests;
			sourceTree = "<group>";
		};
		5A314A83268BAA9B00B75CB8 /* GitHubTest1UITests */ = {
			isa = PBXGroup;
			children = (
				5A314A84268BAA9B00B75CB8 /* GitHubTest1UITests.swift */,
				5A314A86268BAA9B00B75CB8 /* Info.plist */,
			);
			path = GitHubTest1UITests;
			sourceTree = "<group>";
		};
/* End PBXGroup section */

/* Begin PBXNativeTarget section */
		5A314A5B268BAA9800B75CB8 /* GitHubTest1 */ = {
			isa = PBXNativeTarget;
			buildConfigurationList = 5A314A89268BAA9B00B75CB8 /* Build configuration list for PBXNativeTarget "GitHubTest1" */;
			buildPhases = (
				5A314A58268BAA9800B75CB8 /* Sources */,
				5A314A59268BAA9800B75CB8 /* Frameworks */,
				5A314A5A268BAA9800B75CB8 /* Resources */,
			);
			buildRules = (
			);
			dependencies = (
			);
			name = GitHubTest1;
			productName = GitHubTest1;
			productReference = 5A314A5C268BAA9800B75CB8 /* GitHubTest1.app */;
			productType = "com.apple.product-type.application";
		};
		5A314A74268BAA9B00B75CB8 /* GitHubTest1Tests */ = {
			isa = PBXNativeTarget;
			buildConfigurationList = 5A314A8C268BAA9B00B75CB8 /* Build configuration list for PBXNativeTarget "GitHubTest1Tests" */;
			buildPhases = (
				5A314A71268BAA9B00B75CB8 /* Sources */,
				5A314A72268BAA9B00B75CB8 /* Frameworks */,
				5A314A73268BAA9B00B75CB8 /* Resources */,
			);
			buildRules = (
			);
			dependencies = (
				5A314A77268BAA9B00B75CB8 /* PBXTargetDependency */,
			);
			name = GitHubTest1Tests;
			productName = GitHubTest1Tests;
			productReference = 5A314A75268BAA9B00B75CB8 /* GitHubTest1Tests.xctest */;
			productType = "com.apple.product-type.bundle.unit-test";
		};
		5A314A7F268BAA9B00B75CB8 /* GitHubTest1UITests */ = {
			isa = PBXNativeTarget;
			buildConfigurationList = 5A314A8F268BAA9B00B75CB8 /* Build configuration list for PBXNativeTarget "GitHubTest1UITests" */;
			buildPhases = (
				5A314A7C268BAA9B00B75CB8 /* Sources */,
				5A314A7D268BAA9B00B75CB8 /* Frameworks */,
				5A314A7E268BAA9B00B75CB8 /* Resources */,
			);
			buildRules = (
			);
			dependencies = (
				5A314A82268BAA9B00B75CB8 /* PBXTargetDependency */,
			);
			name = GitHubTest1UITests;
			productName = GitHubTest1UITests;
			productReference = 5A314A80268BAA9B00B75CB8 /* GitHubTest1UITests.xctest */;
			productType = "com.apple.product-type.bundle.ui-testing";
		};
/* End PBXNativeTarget section */

/* Begin PBXProject section */
		5A314A54268BAA9800B75CB8 /* Project object */ = {
			isa = PBXProject;
			attributes = {
				LastSwiftUpdateCheck = 1250;
				LastUpgradeCheck = 1250;
				TargetAttributes = {
					5A314A5B268BAA9800B75CB8 = {
						CreatedOnToolsVersion = 12.5.1;
					};
					5A314A74268BAA9B00B75CB8 = {
						CreatedOnToolsVersion = 12.5.1;
						TestTargetID = 5A314A5B268BAA9800B75CB8;
					};
					5A314A7F268BAA9B00B75CB8 = {
						CreatedOnToolsVersion = 12.5.1;
						TestTargetID = 5A314A5B268BAA9800B75CB8;
					};
				};
			};
			buildConfigurationList = 5A314A57268BAA9800B75CB8 /* Build configuration list for PBXProject "GitHubTest1" */;
			compatibilityVersion = "Xcode 9.3";
			developmentRegion = en;
			hasScannedForEncodings = 0;
			knownRegions = (
				en,
				Base,
			);
			mainGroup = 5A314A53268BAA9800B75CB8;
			productRefGroup = 5A314A5D268BAA9800B75CB8 /* Products */;
			projectDirPath = "";
			projectRoot = "";
			targets = (
				5A314A5B268BAA9800B75CB8 /* GitHubTest1 */,
				5A314A74268BAA9B00B75CB8 /* GitHubTest1Tests */,
				5A314A7F268BAA9B00B75CB8 /* GitHubTest1UITests */,
			);
		};
/* End PBXProject section */

/* Begin PBXResourcesBuildPhase section */
		5A314A5A268BAA9800B75CB8 /* Resources */ = {
			isa = PBXResourcesBuildPhase;
			buildActionMask = 2147483647;
			files = (
				5A314A6F268BAA9A00B75CB8 /* LaunchScreen.storyboard in Resources */,
				5A314A6C268BAA9A00B75CB8 /* Assets.xcassets in Resources */,
				5A314A67268BAA9800B75CB8 /* Main.storyboard in Resources */,
			);
			runOnlyForDeploymentPostprocessing = 0;
		};
		5A314A73268BAA9B00B75CB8 /* Resources */ = {
			isa = PBXResourcesBuildPhase;
			buildActionMask = 2147483647;
			files = (
			);
			runOnlyForDeploymentPostprocessing = 0;
		};
		5A314A7E268BAA9B00B75CB8 /* Resources */ = {
			isa = PBXResourcesBuildPhase;
			buildActionMask = 2147483647;
			files = (
			);
			runOnlyForDeploymentPostprocessing = 0;
		};
/* End PBXResourcesBuildPhase section */

/* Begin PBXSourcesBuildPhase section */
		5A314A58268BAA9800B75CB8 /* Sources */ = {
			isa = PBXSourcesBuildPhase;
			buildActionMask = 2147483647;
			files = (
				5A314A6A268BAA9800B75CB8 /* GitHubTest1.xcdatamodeld in Sources */,
				5A314A64268BAA9800B75CB8 /* ViewController.swift in Sources */,
				5A314A60268BAA9800B75CB8 /* AppDelegate.swift in Sources */,
				5A314A62268BAA9800B75CB8 /* SceneDelegate.swift in Sources */,
			);
			runOnlyForDeploymentPostprocessing = 0;
		};
		5A314A71268BAA9B00B75CB8 /* Sources */ = {
			isa = PBXSourcesBuildPhase;
			buildActionMask = 2147483647;
			files = (
				5A314A7A268BAA9B00B75CB8 /* GitHubTest1Tests.swift in Sources */,
			);
			runOnlyForDeploymentPostprocessing = 0;
		};
		5A314A7C268BAA9B00B75CB8 /* Sources */ = {
			isa = PBXSourcesBuildPhase;
			buildActionMask = 2147483647;
			files = (
				5A314A85268BAA9B00B75CB8 /* GitHubTest1UITests.swift in Sources */,
			);
			runOnlyForDeploymentPostprocessing = 0;
		};
/* End PBXSourcesBuildPhase section */

/* Begin PBXTargetDependency section */
		5A314A77268BAA9B00B75CB8 /* PBXTargetDependency */ = {
			isa = PBXTargetDependency;
			target = 5A314A5B268BAA9800B75CB8 /* GitHubTest1 */;
			targetProxy = 5A314A76268BAA9B00B75CB8 /* PBXContainerItemProxy */;
		};
		5A314A82268BAA9B00B75CB8 /* PBXTargetDependency */ = {
			isa = PBXTargetDependency;
			target = 5A314A5B268BAA9800B75CB8 /* GitHubTest1 */;
			targetProxy = 5A314A81268BAA9B00B75CB8 /* PBXContainerItemProxy */;
		};
/* End PBXTargetDependency section */

/* Begin PBXVariantGroup section */
		5A314A65268BAA9800B75CB8 /* Main.storyboard */ = {
			isa = PBXVariantGroup;
			children = (
				5A314A66268BAA9800B75CB8 /* Base */,
			);
			name = Main.storyboard;
			sourceTree = "<group>";
		};
		5A314A6D268BAA9A00B75CB8 /* LaunchScreen.storyboard */ = {
			isa = PBXVariantGroup;
			children = (
				5A314A6E268BAA9A00B75CB8 /* Base */,
			);
			name = LaunchScreen.storyboard;
			sourceTree = "<group>";
		};
/* End PBXVariantGroup section */

/* Begin XCBuildConfiguration section */
		5A314A87268BAA9B00B75CB8 /* Debug */ = {
			isa = XCBuildConfiguration;
			buildSettings = {
				ALWAYS_SEARCH_USER_PATHS = NO;
				CLANG_ANALYZER_NONNULL = YES;
				CLANG_ANALYZER_NUMBER_OBJECT_CONVERSION = YES_AGGRESSIVE;
				CLANG_CXX_LANGUAGE_STANDARD = "gnu++14";
				CLANG_CXX_LIBRARY = "libc++";
				CLANG_ENABLE_MODULES = YES;
				CLANG_ENABLE_OBJC_ARC = YES;
				CLANG_ENABLE_OBJC_WEAK = YES;
				CLANG_WARN_BLOCK_CAPTURE_AUTORELEASING = YES;
				CLANG_WARN_BOOL_CONVERSION = YES;
				CLANG_WARN_COMMA = YES;
				CLANG_WARN_CONSTANT_CONVERSION = YES;
				CLANG_WARN_DEPRECATED_OBJC_IMPLEMENTATIONS = YES;
				CLANG_WARN_DIRECT_OBJC_ISA_USAGE = YES_ERROR;
				CLANG_WARN_DOCUMENTATION_COMMENTS = YES;
				CLANG_WARN_EMPTY_BODY = YES;
				CLANG_WARN_ENUM_CONVERSION = YES;
				CLANG_WARN_INFINITE_RECURSION = YES;
				CLANG_WARN_INT_CONVERSION = YES;
				CLANG_WARN_NON_LITERAL_NULL_CONVERSION = YES;
				CLANG_WARN_OBJC_IMPLICIT_RETAIN_SELF = YES;
				CLANG_WARN_OBJC_LITERAL_CONVERSION = YES;
				CLANG_WARN_OBJC_ROOT_CLASS = YES_ERROR;
				CLANG_WARN_QUOTED_INCLUDE_IN_FRAMEWORK_HEADER = YES;
				CLANG_WARN_RANGE_LOOP_ANALYSIS = YES;
				CLANG_WARN_STRICT_PROTOTYPES = YES;
				CLANG_WARN_SUSPICIOUS_MOVE = YES;
				CLANG_WARN_UNGUARDED_AVAILABILITY = YES_AGGRESSIVE;
				CLANG_WARN_UNREACHABLE_CODE = YES;
				CLANG_WARN__DUPLICATE_METHOD_MATCH = YES;
				COPY_PHASE_STRIP = NO;
				DEBUG_INFORMATION_FORMAT = dwarf;
				ENABLE_STRICT_OBJC_MSGSEND = YES;
				ENABLE_TESTABILITY = YES;
				GCC_C_LANGUAGE_STANDARD = gnu11;
				GCC_DYNAMIC_NO_PIC = NO;
				GCC_NO_COMMON_BLOCKS = YES;
				GCC_OPTIMIZATION_LEVEL = 0;
				GCC_PREPROCESSOR_DEFINITIONS = (
					"DEBUG=1",
					"$(inherited)",
				);
				GCC_WARN_64_TO_32_BIT_CONVERSION = YES;
				GCC_WARN_ABOUT_RETURN_TYPE = YES_ERROR;
				GCC_WARN_UNDECLARED_SELECTOR = YES;
				GCC_WARN_UNINITIALIZED_AUTOS = YES_AGGRESSIVE;
				GCC_WARN_UNUSED_FUNCTION = YES;
				GCC_WARN_UNUSED_VARIABLE = YES;
				IPHONEOS_DEPLOYMENT_TARGET = 14.5;
				MTL_ENABLE_DEBUG_INFO = INCLUDE_SOURCE;
				MTL_FAST_MATH = YES;
				ONLY_ACTIVE_ARCH = YES;
				SDKROOT = iphoneos;
				SWIFT_ACTIVE_COMPILATION_CONDITIONS = DEBUG;
				SWIFT_OPTIMIZATION_LEVEL = "-Onone";
			};
			name = Debug;
		};
		5A314A88268BAA9B00B75CB8 /* Release */ = {
			isa = XCBuildConfiguration;
			buildSettings = {
				ALWAYS_SEARCH_USER_PATHS = NO;
				CLANG_ANALYZER_NONNULL = YES;
				CLANG_ANALYZER_NUMBER_OBJECT_CONVERSION = YES_AGGRESSIVE;
				CLANG_CXX_LANGUAGE_STANDARD = "gnu++14";
				CLANG_CXX_LIBRARY = "libc++";
				CLANG_ENABLE_MODULES = YES;
				CLANG_ENABLE_OBJC_ARC = YES;
				CLANG_ENABLE_OBJC_WEAK = YES;
				CLANG_WARN_BLOCK_CAPTURE_AUTORELEASING = YES;
				CLANG_WARN_BOOL_CONVERSION = YES;
				CLANG_WARN_COMMA = YES;
				CLANG_WARN_CONSTANT_CONVERSION = YES;
				CLANG_WARN_DEPRECATED_OBJC_IMPLEMENTATIONS = YES;
				CLANG_WARN_DIRECT_OBJC_ISA_USAGE = YES_ERROR;
				CLANG_WARN_DOCUMENTATION_COMMENTS = YES;
				CLANG_WARN_EMPTY_BODY = YES;
				CLANG_WARN_ENUM_CONVERSION = YES;
				CLANG_WARN_INFINITE_RECURSION = YES;
				CLANG_WARN_INT_CONVERSION = YES;
				CLANG_WARN_NON_LITERAL_NULL_CONVERSION = YES;
				CLANG_WARN_OBJC_IMPLICIT_RETAIN_SELF = YES;
				CLANG_WARN_OBJC_LITERAL_CONVERSION = YES;
				CLANG_WARN_OBJC_ROOT_CLASS = YES_ERROR;
				CLANG_WARN_QUOTED_INCLUDE_IN_FRAMEWORK_HEADER = YES;
				CLANG_WARN_RANGE_LOOP_ANALYSIS = YES;
				CLANG_WARN_STRICT_PROTOTYPES = YES;
				CLANG_WARN_SUSPICIOUS_MOVE = YES;
				CLANG_WARN_UNGUARDED_AVAILABILITY = YES_AGGRESSIVE;
				CLANG_WARN_UNREACHABLE_CODE = YES;
				CLANG_WARN__DUPLICATE_METHOD_MATCH = YES;
				COPY_PHASE_STRIP = NO;
				DEBUG_INFORMATION_FORMAT = "dwarf-with-dsym";
				ENABLE_NS_ASSERTIONS = NO;
				ENABLE_STRICT_OBJC_MSGSEND = YES;
				GCC_C_LANGUAGE_STANDARD = gnu11;
				GCC_NO_COMMON_BLOCKS = YES;
				GCC_WARN_64_TO_32_BIT_CONVERSION = YES;
				GCC_WARN_ABOUT_RETURN_TYPE = YES_ERROR;
				GCC_WARN_UNDECLARED_SELECTOR = YES;
				GCC_WARN_UNINITIALIZED_AUTOS = YES_AGGRESSIVE;
				GCC_WARN_UNUSED_FUNCTION = YES;
				GCC_WARN_UNUSED_VARIABLE = YES;
				IPHONEOS_DEPLOYMENT_TARGET = 14.5;
				MTL_ENABLE_DEBUG_INFO = NO;
				MTL_FAST_MATH = YES;
				SDKROOT = iphoneos;
				SWIFT_COMPILATION_MODE = wholemodule;
				SWIFT_OPTIMIZATION_LEVEL = "-O";
				VALIDATE_PRODUCT = YES;
			};
			name = Release;
		};
		5A314A8A268BAA9B00B75CB8 /* Debug */ = {
			isa = XCBuildConfiguration;
			buildSettings = {
				ASSETCATALOG_COMPILER_APPICON_NAME = AppIcon;
				ASSETCATALOG_COMPILER_GLOBAL_ACCENT_COLOR_NAME = AccentColor;
				CODE_SIGN_STYLE = Automatic;
				DEVELOPMENT_TEAM = GU6277QRBN;
				INFOPLIST_FILE = GitHubTest1/Info.plist;
				LD_RUNPATH_SEARCH_PATHS = (
					"$(inherited)",
					"@executable_path/Frameworks",
				);
				PRODUCT_BUNDLE_IDENTIFIER = "n-a.GitHubTest1";
				PRODUCT_NAME = "$(TARGET_NAME)";
				SWIFT_VERSION = 5.0;
				TARGETED_DEVICE_FAMILY = "1,2";
			};
			name = Debug;
		};
		5A314A8B268BAA9B00B75CB8 /* Release */ = {
			isa = XCBuildConfiguration;
			buildSettings = {
				ASSETCATALOG_COMPILER_APPICON_NAME = AppIcon;
				ASSETCATALOG_COMPILER_GLOBAL_ACCENT_COLOR_NAME = AccentColor;
				CODE_SIGN_STYLE = Automatic;
				DEVELOPMENT_TEAM = GU6277QRBN;
				INFOPLIST_FILE = GitHubTest1/Info.plist;
				LD_RUNPATH_SEARCH_PATHS = (
					"$(inherited)",
					"@executable_path/Frameworks",
				);
				PRODUCT_BUNDLE_IDENTIFIER = "n-a.GitHubTest1";
				PRODUCT_NAME = "$(TARGET_NAME)";
				SWIFT_VERSION = 5.0;
				TARGETED_DEVICE_FAMILY = "1,2";
			};
			name = Release;
		};
		5A314A8D268BAA9B00B75CB8 /* Debug */ = {
			isa = XCBuildConfiguration;
			buildSettings = {
				ALWAYS_EMBED_SWIFT_STANDARD_LIBRARIES = YES;
				BUNDLE_LOADER = "$(TEST_HOST)";
				CODE_SIGN_STYLE = Automatic;
				DEVELOPMENT_TEAM = GU6277QRBN;
				INFOPLIST_FILE = GitHubTest1Tests/Info.plist;
				IPHONEOS_DEPLOYMENT_TARGET = 14.5;
				LD_RUNPATH_SEARCH_PATHS = (
					"$(inherited)",
					"@executable_path/Frameworks",
					"@loader_path/Frameworks",
				);
				PRODUCT_BUNDLE_IDENTIFIER = "n-a.GitHubTest1Tests";
				PRODUCT_NAME = "$(TARGET_NAME)";
				SWIFT_VERSION = 5.0;
				TARGETED_DEVICE_FAMILY = "1,2";
				TEST_HOST = "$(BUILT_PRODUCTS_DIR)/GitHubTest1.app/GitHubTest1";
			};
			name = Debug;
		};
		5A314A8E268BAA9B00B75CB8 /* Release */ = {
			isa = XCBuildConfiguration;
			buildSettings = {
				ALWAYS_EMBED_SWIFT_STANDARD_LIBRARIES = YES;
				BUNDLE_LOADER = "$(TEST_HOST)";
				CODE_SIGN_STYLE = Automatic;
				DEVELOPMENT_TEAM = GU6277QRBN;
				INFOPLIST_FILE = GitHubTest1Tests/Info.plist;
				IPHONEOS_DEPLOYMENT_TARGET = 14.5;
				LD_RUNPATH_SEARCH_PATHS = (
					"$(inherited)",
					"@executable_path/Frameworks",
					"@loader_path/Frameworks",
				);
				PRODUCT_BUNDLE_IDENTIFIER = "n-a.GitHubTest1Tests";
				PRODUCT_NAME = "$(TARGET_NAME)";
				SWIFT_VERSION = 5.0;
				TARGETED_DEVICE_FAMILY = "1,2";
				TEST_HOST = "$(BUILT_PRODUCTS_DIR)/GitHubTest1.app/GitHubTest1";
			};
			name = Release;
		};
		5A314A90268BAA9B00B75CB8 /* Debug */ = {
			isa = XCBuildConfiguration;
			buildSettings = {
				ALWAYS_EMBED_SWIFT_STANDARD_LIBRARIES = YES;
				CODE_SIGN_STYLE = Automatic;
				DEVELOPMENT_TEAM = GU6277QRBN;
				INFOPLIST_FILE = GitHubTest1UITests/Info.plist;
				LD_RUNPATH_SEARCH_PATHS = (
					"$(inherited)",
					"@executable_path/Frameworks",
					"@loader_path/Frameworks",
				);
				PRODUCT_BUNDLE_IDENTIFIER = "n-a.GitHubTest1UITests";
				PRODUCT_NAME = "$(TARGET_NAME)";
				SWIFT_VERSION = 5.0;
				TARGETED_DEVICE_FAMILY = "1,2";
				TEST_TARGET_NAME = GitHubTest1;
			};
			name = Debug;
		};
		5A314A91268BAA9B00B75CB8 /* Release */ = {
			isa = XCBuildConfiguration;
			buildSettings = {
				ALWAYS_EMBED_SWIFT_STANDARD_LIBRARIES = YES;
				CODE_SIGN_STYLE = Automatic;
				DEVELOPMENT_TEAM = GU6277QRBN;
				INFOPLIST_FILE = GitHubTest1UITests/Info.plist;
				LD_RUNPATH_SEARCH_PATHS = (
					"$(inherited)",
					"@executable_path/Frameworks",
					"@loader_path/Frameworks",
				);
				PRODUCT_BUNDLE_IDENTIFIER = "n-a.GitHubTest1UITests";
				PRODUCT_NAME = "$(TARGET_NAME)";
				SWIFT_VERSION = 5.0;
				TARGETED_DEVICE_FAMILY = "1,2";
				TEST_TARGET_NAME = GitHubTest1;
			};
			name = Release;
		};
/* End XCBuildConfiguration section */

/* Begin XCConfigurationList section */
		5A314A57268BAA9800B75CB8 /* Build configuration list for PBXProject "GitHubTest1" */ = {
			isa = XCConfigurationList;
			buildConfigurations = (
				5A314A87268BAA9B00B75CB8 /* Debug */,
				5A314A88268BAA9B00B75CB8 /* Release */,
			);
			defaultConfigurationIsVisible = 0;
			defaultConfigurationName = Release;
		};
		5A314A89268BAA9B00B75CB8 /* Build configuration list for PBXNativeTarget "GitHubTest1" */ = {
			isa = XCConfigurationList;
			buildConfigurations = (
				5A314A8A268BAA9B00B75CB8 /* Debug */,
				5A314A8B268BAA9B00B75CB8 /* Release */,
			);
			defaultConfigurationIsVisible = 0;
			defaultConfigurationName = Release;
		};
		5A314A8C268BAA9B00B75CB8 /* Build configuration list for PBXNativeTarget "GitHubTest1Tests" */ = {
			isa = XCConfigurationList;
			buildConfigurations = (
				5A314A8D268BAA9B00B75CB8 /* Debug */,
				5A314A8E268BAA9B00B75CB8 /* Release */,
			);
			defaultConfigurationIsVisible = 0;
			defaultConfigurationName = Release;
		};
		5A314A8F268BAA9B00B75CB8 /* Build configuration list for PBXNativeTarget "GitHubTest1UITests" */ = {
			isa = XCConfigurationList;
			buildConfigurations = (
				5A314A90268BAA9B00B75CB8 /* Debug */,
				5A314A91268BAA9B00B75CB8 /* Release */,
			);
			defaultConfigurationIsVisible = 0;
			defaultConfigurationName = Release;
		};
/* End XCConfigurationList section */

/* Begin XCVersionGroup section */
		5A314A68268BAA9800B75CB8 /* GitHubTest1.xcdatamodeld */ = {
			isa = XCVersionGroup;
			children = (
				5A314A69268BAA9800B75CB8 /* GitHubTest1.xcdatamodel */,
			);
			currentVersion = 5A314A69268BAA9800B75CB8 /* GitHubTest1.xcdatamodel */;
			path = GitHubTest1.xcdatamodeld;
			sourceTree = "<group>";
			versionGroupType = wrapper.xcdatamodel;
		};
/* End XCVersionGroup section */
	};
	rootObject = 5A314A54268BAA9800B75CB8 /* Project object */;
}
